{
  "object": {
    "pins": [
      {
        "package": "async-kit",
        "repositoryURL": "https://github.com/vapor/async-kit.git",
        "state": {
          "branch": null,
          "revision": "7457413e57dbfac762b32dd30c1caf2c55a02a3d",
          "version": "1.2.0"
        }
      },
      {
        "package": "fluent-kit",
        "repositoryURL": "https://github.com/vapor/fluent-kit.git",
        "state": {
          "branch": null,
          "revision": "ef2a9a76c48856f0388ee2026d67d2ebde8c571c",
          "version": "1.7.3"
        }
      },
      {
        "package": "fluent-postgres-driver",
        "repositoryURL": "https://github.com/vapor/fluent-postgres-driver.git",
        "state": {
          "branch": null,
          "revision": "f310f8843fafa3134cf89d81b8b3480f16967f37",
          "version": "2.1.0"
        }
      },
      {
        "package": "postgres-kit",
        "repositoryURL": "https://github.com/vapor/postgres-kit.git",
        "state": {
          "branch": null,
          "revision": "cbbe3ef8a0a8800301b8b76ab0f09dfc9e7306a2",
          "version": "2.2.0"
        }
      },
      {
        "package": "postgres-nio",
        "repositoryURL": "https://github.com/vapor/postgres-nio.git",
        "state": {
          "branch": null,
          "revision": "3cf24967e54e3e63809593273b45b4e8135da6aa",
          "version": "1.4.0"
        }
      },
      {
        "package": "sql-kit",
        "repositoryURL": "https://github.com/vapor/sql-kit.git",
        "state": {
          "branch": null,
          "revision": "ea9928b7f4a801b175a00b982034d9c54ecb6167",
          "version": "3.7.0"
        }
      },
      {
        "package": "swift-crypto",
        "repositoryURL": "https://github.com/apple/swift-crypto.git",
        "state": {
          "branch": null,
          "revision": "9be4a93a76d4b80105044747b35d456de7289c87",
          "version": "1.0.0"
        }
      },
      {
        "package": "swift-log",
        "repositoryURL": "https://github.com/apple/swift-log.git",
        "state": {
          "branch": null,
          "revision": "173f567a2dfec11d74588eea82cecea555bdc0bc",
          "version": "1.4.0"
        }
      },
      {
        "package": "swift-metrics",
        "repositoryURL": "https://github.com/apple/swift-metrics.git",
        "state": {
          "branch": null,
          "revision": "708b960b4605abb20bc55d65abf6bad607252200",
          "version": "2.0.0"
        }
      },
      {
        "package": "swift-nio",
        "repositoryURL": "https://github.com/apple/swift-nio.git",
        "state": {
          "branch": null,
          "revision": "96db8838be60fcbb993fa738e1120fb7f4b99c43",
          "version": "2.22.1"
        }
      },
      {
        "package": "swift-nio-ssl",
        "repositoryURL": "https://github.com/apple/swift-nio-ssl.git",
        "state": {
          "branch": null,
          "revision": "ea1dfd64193bf5af4490635a4a44c4fb43b1e1ae",
          "version": "2.9.1"
        }
      }
    ]
  },
  "version": 1
}
